
Microsoft Visual Studio Solution File, Format Version 12.00
# Visual Studio Version 17
VisualStudioVersion = 17.13.35825.156
MinimumVisualStudioVersion = 10.0.40219.1
Project("{2150E333-8FDC-42A3-9474-1A3956D46DE8}") = "Core", "Core", "{02EA681E-C7D8-13C7-8484-4AC65E1B71E8}"
EndProject
Project("{2150E333-8FDC-42A3-9474-1A3956D46DE8}") = "Frontends", "Frontends", "{308242AA-C24E-4F60-83D0-6833F96DE22A}"
EndProject
Project("{2150E333-8FDC-42A3-9474-1A3956D46DE8}") = "Infrastructure", "Infrastructure", "{35F5F5B9-7BAC-40C5-ADDF-902EE8BE808A}"
EndProject
Project("{2150E333-8FDC-42A3-9474-1A3956D46DE8}") = "Presentation", "Presentation", "{D560BDCF-E46D-4E00-8645-CC5A0ABF260F}"
EndProject
Project("{2150E333-8FDC-42A3-9474-1A3956D46DE8}") = "Requirements", "Requirements", "{A346328D-2479-4D5B-BF84-1C7B5BE6E448}"
EndProject
Project("{FAE04EC0-301F-11D3-BF4B-00C04F79EFBC}") = "MovieApi.Domain", "Core\MovieApi.Domain\MovieApi.Domain.csproj", "{FDDD1E11-92B6-4ACC-8622-FCF66590FDCD}"
EndProject
Project("{FAE04EC0-301F-11D3-BF4B-00C04F79EFBC}") = "MovieApi.Persistence", "Infrastructure\MovieApi.Persistence\MovieApi.Persistence.csproj", "{23ABD070-BBC8-4DD8-89F4-46DB827B5ADA}"
EndProject
Project("{FAE04EC0-301F-11D3-BF4B-00C04F79EFBC}") = "MovieApi.WebApi", "Presentation\MovieApi.WebApi\MovieApi.WebApi.csproj", "{408F60BE-6BB3-4045-9B0D-A3444579C29A}"
EndProject
Project("{FAE04EC0-301F-11D3-BF4B-00C04F79EFBC}") = "MovieApi.Application", "Core\MovieApi.Application\MovieApi.Application.csproj", "{23541DE1-E148-4466-892F-3CB68CD4ADC4}"
EndProject
Global
	GlobalSection(SolutionConfigurationPlatforms) = preSolution
		Debug|Any CPU = Debug|Any CPU
		Release|Any CPU = Release|Any CPU
	EndGlobalSection
	GlobalSection(ProjectConfigurationPlatforms) = postSolution
		{FDDD1E11-92B6-4ACC-8622-FCF66590FDCD}.Debug|Any CPU.ActiveCfg = Debug|Any CPU
		{FDDD1E11-92B6-4ACC-8622-FCF66590FDCD}.Debug|Any CPU.Build.0 = Debug|Any CPU
		{FDDD1E11-92B6-4ACC-8622-FCF66590FDCD}.Release|Any CPU.ActiveCfg = Release|Any CPU
		{FDDD1E11-92B6-4ACC-8622-FCF66590FDCD}.Release|Any CPU.Build.0 = Release|Any CPU
		{23ABD070-BBC8-4DD8-89F4-46DB827B5ADA}.Debug|Any CPU.ActiveCfg = Debug|Any CPU
		{23ABD070-BBC8-4DD8-89F4-46DB827B5ADA}.Debug|Any CPU.Build.0 = Debug|Any CPU
		{23ABD070-BBC8-4DD8-89F4-46DB827B5ADA}.Release|Any CPU.ActiveCfg = Release|Any CPU
		{23ABD070-BBC8-4DD8-89F4-46DB827B5ADA}.Release|Any CPU.Build.0 = Release|Any CPU
		{408F60BE-6BB3-4045-9B0D-A3444579C29A}.Debug|Any CPU.ActiveCfg = Debug|Any CPU
		{408F60BE-6BB3-4045-9B0D-A3444579C29A}.Debug|Any CPU.Build.0 = Debug|Any CPU
		{408F60BE-6BB3-4045-9B0D-A3444579C29A}.Release|Any CPU.ActiveCfg = Release|Any CPU
		{408F60BE-6BB3-4045-9B0D-A3444579C29A}.Release|Any CPU.Build.0 = Release|Any CPU
		{23541DE1-E148-4466-892F-3CB68CD4ADC4}.Debug|Any CPU.ActiveCfg = Debug|Any CPU
		{23541DE1-E148-4466-892F-3CB68CD4ADC4}.Debug|Any CPU.Build.0 = Debug|Any CPU
		{23541DE1-E148-4466-892F-3CB68CD4ADC4}.Release|Any CPU.ActiveCfg = Release|Any CPU
		{23541DE1-E148-4466-892F-3CB68CD4ADC4}.Release|Any CPU.Build.0 = Release|Any CPU
	EndGlobalSection
	GlobalSection(SolutionProperties) = preSolution
		HideSolutionNode = FALSE
	EndGlobalSection
	GlobalSection(NestedProjects) = preSolution
		{FDDD1E11-92B6-4ACC-8622-FCF66590FDCD} = {02EA681E-C7D8-13C7-8484-4AC65E1B71E8}
		{23ABD070-BBC8-4DD8-89F4-46DB827B5ADA} = {35F5F5B9-7BAC-40C5-ADDF-902EE8BE808A}
		{408F60BE-6BB3-4045-9B0D-A3444579C29A} = {D560BDCF-E46D-4E00-8645-CC5A0ABF260F}
		{23541DE1-E148-4466-892F-3CB68CD4ADC4} = {02EA681E-C7D8-13C7-8484-4AC65E1B71E8}
	EndGlobalSection
	GlobalSection(ExtensibilityGlobals) = postSolution
		SolutionGuid = {6B12F58D-BDDC-4B1E-91A1-1E5CDF13CBAE}
	EndGlobalSection
EndGlobal
